
Microsoft Visual Studio Solution File, Format Version 12.00
# Visual Studio 14
VisualStudioVersion = 14.0.25420.1
MinimumVisualStudioVersion = 10.0.40219.1
Project("{FAE04EC0-301F-11D3-BF4B-00C04F79EFBC}") = "Presentacion", "DiseñoFinal\Presentacion.csproj", "{E5F75EB2-0663-4797-B896-4DCC72DBFC0A}"
EndProject
Project("{2150E333-8FDC-42A3-9474-1A3956D46DE8}") = "CapaDatos", "CapaDatos", "{DC092FD4-9F51-4F93-A10F-AE6422E85990}"
EndProject
Project("{2150E333-8FDC-42A3-9474-1A3956D46DE8}") = "CapaEntidad", "CapaEntidad", "{001802AE-BE3B-4ABB-82C5-3CF7FF810910}"
EndProject
Project("{2150E333-8FDC-42A3-9474-1A3956D46DE8}") = "CapaPresentacion", "CapaPresentacion", "{FF3935C8-E65B-430E-8481-192355827502}"
EndProject
Project("{FAE04EC0-301F-11D3-BF4B-00C04F79EFBC}") = "Entidad", "Entidad\Entidad.csproj", "{AA5F913A-ECA3-4AC3-825A-2EB993850C02}"
EndProject
Project("{FAE04EC0-301F-11D3-BF4B-00C04F79EFBC}") = "Datos", "Datos\Datos.csproj", "{4EF6D310-8EAD-45FF-98CE-26FC3F009080}"
EndProject
Global
	GlobalSection(SolutionConfigurationPlatforms) = preSolution
		Debug|Any CPU = Debug|Any CPU
		Release|Any CPU = Release|Any CPU
	EndGlobalSection
	GlobalSection(ProjectConfigurationPlatforms) = postSolution
		{E5F75EB2-0663-4797-B896-4DCC72DBFC0A}.Debug|Any CPU.ActiveCfg = Debug|Any CPU
		{E5F75EB2-0663-4797-B896-4DCC72DBFC0A}.Debug|Any CPU.Build.0 = Debug|Any CPU
		{E5F75EB2-0663-4797-B896-4DCC72DBFC0A}.Release|Any CPU.ActiveCfg = Release|Any CPU
		{E5F75EB2-0663-4797-B896-4DCC72DBFC0A}.Release|Any CPU.Build.0 = Release|Any CPU
		{AA5F913A-ECA3-4AC3-825A-2EB993850C02}.Debug|Any CPU.ActiveCfg = Debug|Any CPU
		{AA5F913A-ECA3-4AC3-825A-2EB993850C02}.Debug|Any CPU.Build.0 = Debug|Any CPU
		{AA5F913A-ECA3-4AC3-825A-2EB993850C02}.Release|Any CPU.ActiveCfg = Release|Any CPU
		{AA5F913A-ECA3-4AC3-825A-2EB993850C02}.Release|Any CPU.Build.0 = Release|Any CPU
		{4EF6D310-8EAD-45FF-98CE-26FC3F009080}.Debug|Any CPU.ActiveCfg = Debug|Any CPU
		{4EF6D310-8EAD-45FF-98CE-26FC3F009080}.Debug|Any CPU.Build.0 = Debug|Any CPU
		{4EF6D310-8EAD-45FF-98CE-26FC3F009080}.Release|Any CPU.ActiveCfg = Release|Any CPU
		{4EF6D310-8EAD-45FF-98CE-26FC3F009080}.Release|Any CPU.Build.0 = Release|Any CPU
	EndGlobalSection
	GlobalSection(SolutionProperties) = preSolution
		HideSolutionNode = FALSE
	EndGlobalSection
	GlobalSection(NestedProjects) = preSolution
		{E5F75EB2-0663-4797-B896-4DCC72DBFC0A} = {FF3935C8-E65B-430E-8481-192355827502}
		{AA5F913A-ECA3-4AC3-825A-2EB993850C02} = {001802AE-BE3B-4ABB-82C5-3CF7FF810910}
		{4EF6D310-8EAD-45FF-98CE-26FC3F009080} = {DC092FD4-9F51-4F93-A10F-AE6422E85990}
	EndGlobalSection
EndGlobal
